// !$*UTF8*$!
{
	archiveVersion = 1;
	classes = {
	};
	objectVersion = 46;
	objects = {

/* Begin PBXFileReference section */
		C49582471F0ADC1F000F735E /* client */ = {isa = PBXFileReference; lastKnownFileType = folder; path = client; sourceTree = "<group>"; };
		C49582481F0ADC1F000F735E /* imports */ = {isa = PBXFileReference; lastKnownFileType = folder; path = imports; sourceTree = "<group>"; };
		C49582491F0ADC1F000F735E /* node_modules */ = {isa = PBXFileReference; lastKnownFileType = folder; path = node_modules; sourceTree = "<group>"; };
		C495824A1F0ADC1F000F735E /* package.json */ = {isa = PBXFileReference; lastKnownFileType = text.json; path = package.json; sourceTree = "<group>"; };
		C495824B1F0ADC1F000F735E /* route.js */ = {isa = PBXFileReference; lastKnownFileType = sourcecode.javascript; path = route.js; sourceTree = "<group>"; };
		C495824C1F0ADC1F000F735E /* server */ = {isa = PBXFileReference; lastKnownFileType = folder; path = server; sourceTree = "<group>"; };
/* End PBXFileReference section */

/* Begin PBXGroup section */
		C49582401F0ADB2D000F735E = {
			isa = PBXGroup;
			children = (
				C49582471F0ADC1F000F735E /* client */,
				C49582481F0ADC1F000F735E /* imports */,
				C49582491F0ADC1F000F735E /* node_modules */,
				C495824A1F0ADC1F000F735E /* package.json */,
				C495824B1F0ADC1F000F735E /* route.js */,
				C495824C1F0ADC1F000F735E /* server */,
			);
			sourceTree = "<group>";
		};
/* End PBXGroup section */

/* Begin PBXProject section */
		C49582411F0ADB2D000F735E /* Project object */ = {
			isa = PBXProject;
			attributes = {
				LastUpgradeCheck = 0730;
			};
			buildConfigurationList = C49582441F0ADB2D000F735E /* Build configuration list for PBXProject "Labor_X_Change" */;
			compatibilityVersion = "Xcode 3.2";
			developmentRegion = English;
			hasScannedForEncodings = 0;
			knownRegions = (
				en,
			);
			mainGroup = C49582401F0ADB2D000F735E;
			projectDirPath = "";
			projectRoot = "";
			targets = (
			);
		};
/* End PBXProject section */

/* Begin XCBuildConfiguration section */
		C49582451F0ADB2D000F735E /* Debug */ = {
			isa = XCBuildConfiguration;
			buildSettings = {
			};
			name = Debug;
		};
		C49582461F0ADB2D000F735E /* Release */ = {
			isa = XCBuildConfiguration;
			buildSettings = {
			};
			name = Release;
		};
/* End XCBuildConfiguration section */

/* Begin XCConfigurationList section */
		C49582441F0ADB2D000F735E /* Build configuration list for PBXProject "Labor_X_Change" */ = {
			isa = XCConfigurationList;
			buildConfigurations = (
				C49582451F0ADB2D000F735E /* Debug */,
				C49582461F0ADB2D000F735E /* Release */,
			);
			defaultConfigurationIsVisible = 0;
			defaultConfigurationName = Release;
		};
/* End XCConfigurationList section */
	};
	rootObject = C49582411F0ADB2D000F735E /* Project object */;
}
